
Microsoft Visual Studio Solution File, Format Version 12.00
# Visual Studio Version 16
VisualStudioVersion = 16.0.34301.259
MinimumVisualStudioVersion = 10.0.40219.1
Project("{FAE04EC0-301F-11D3-BF4B-00C04F79EFBC}") = "SanalManavGenç85", "SanalManavGenç85\SanalManavGenç85.csproj", "{014B3341-A158-4941-BBB8-0A54F22B1641}"
EndProject
Global
	GlobalSection(SolutionConfigurationPlatforms) = preSolution
		Debug|Any CPU = Debug|Any CPU
		Release|Any CPU = Release|Any CPU
	EndGlobalSection
	GlobalSection(ProjectConfigurationPlatforms) = postSolution
		{014B3341-A158-4941-BBB8-0A54F22B1641}.Debug|Any CPU.ActiveCfg = Debug|Any CPU
		{014B3341-A158-4941-BBB8-0A54F22B1641}.Debug|Any CPU.Build.0 = Debug|Any CPU
		{014B3341-A158-4941-BBB8-0A54F22B1641}.Release|Any CPU.ActiveCfg = Release|Any CPU
		{014B3341-A158-4941-BBB8-0A54F22B1641}.Release|Any CPU.Build.0 = Release|Any CPU
	EndGlobalSection
	GlobalSection(SolutionProperties) = preSolution
		HideSolutionNode = FALSE
	EndGlobalSection
	GlobalSection(ExtensibilityGlobals) = postSolution
		SolutionGuid = {25A3FB19-56BA-430D-B150-2F047ECF7897}
	EndGlobalSection
EndGlobal
